
Microsoft Visual Studio Solution File, Format Version 12.00
# Visual Studio Version 17
VisualStudioVersion = 17.0.31815.197
MinimumVisualStudioVersion = 10.0.40219.1
Project("{9A19103F-16F7-4668-BE54-9A1E7A4F7556}") = "Investor.Server", "src\Investor.Server\Investor.Server.csproj", "{F56D596A-9E63-40E7-AC34-B604D26D5ABD}"
EndProject
Project("{2150E333-8FDC-42A3-9474-1A3956D46DE8}") = "Common", "Common", "{01F7F9B8-C0C0-40DC-AF65-53446AD9462A}"
EndProject
Project("{2150E333-8FDC-42A3-9474-1A3956D46DE8}") = "src", "src", "{B5C98CDC-3D8D-4BA4-9EF3-9774FCA159C2}"
EndProject
Project("{2150E333-8FDC-42A3-9474-1A3956D46DE8}") = "test", "test", "{F8FE7EB5-F903-4D57-AB23-E137106A02F2}"
EndProject
Project("{9A19103F-16F7-4668-BE54-9A1E7A4F7556}") = "Common.Core", "..\Common\src\Common.Core\Common.Core.csproj", "{7877FFDA-C570-4BB1-851A-AD9F473104A4}"
EndProject
Project("{9A19103F-16F7-4668-BE54-9A1E7A4F7556}") = "Common.Blazor", "..\Common\src\Common.Blazor\Common.Blazor.csproj", "{FFCF1035-B94A-4D09-AD59-8E48FF274E59}"
EndProject
Project("{9A19103F-16F7-4668-BE54-9A1E7A4F7556}") = "Common.Core.Tests", "..\Common\test\Common.Core.Tests\Common.Core.Tests.csproj", "{128BAFC9-0341-40C8-AA1E-551B8672F11C}"
EndProject
Global
	GlobalSection(SolutionConfigurationPlatforms) = preSolution
		Debug|Any CPU = Debug|Any CPU
		Release|Any CPU = Release|Any CPU
	EndGlobalSection
	GlobalSection(ProjectConfigurationPlatforms) = postSolution
		{F56D596A-9E63-40E7-AC34-B604D26D5ABD}.Debug|Any CPU.ActiveCfg = Debug|Any CPU
		{F56D596A-9E63-40E7-AC34-B604D26D5ABD}.Debug|Any CPU.Build.0 = Debug|Any CPU
		{F56D596A-9E63-40E7-AC34-B604D26D5ABD}.Release|Any CPU.ActiveCfg = Release|Any CPU
		{F56D596A-9E63-40E7-AC34-B604D26D5ABD}.Release|Any CPU.Build.0 = Release|Any CPU
		{7877FFDA-C570-4BB1-851A-AD9F473104A4}.Debug|Any CPU.ActiveCfg = Debug|Any CPU
		{7877FFDA-C570-4BB1-851A-AD9F473104A4}.Debug|Any CPU.Build.0 = Debug|Any CPU
		{7877FFDA-C570-4BB1-851A-AD9F473104A4}.Release|Any CPU.ActiveCfg = Release|Any CPU
		{7877FFDA-C570-4BB1-851A-AD9F473104A4}.Release|Any CPU.Build.0 = Release|Any CPU
		{FFCF1035-B94A-4D09-AD59-8E48FF274E59}.Debug|Any CPU.ActiveCfg = Debug|Any CPU
		{FFCF1035-B94A-4D09-AD59-8E48FF274E59}.Debug|Any CPU.Build.0 = Debug|Any CPU
		{FFCF1035-B94A-4D09-AD59-8E48FF274E59}.Release|Any CPU.ActiveCfg = Release|Any CPU
		{FFCF1035-B94A-4D09-AD59-8E48FF274E59}.Release|Any CPU.Build.0 = Release|Any CPU
		{128BAFC9-0341-40C8-AA1E-551B8672F11C}.Debug|Any CPU.ActiveCfg = Debug|Any CPU
		{128BAFC9-0341-40C8-AA1E-551B8672F11C}.Debug|Any CPU.Build.0 = Debug|Any CPU
		{128BAFC9-0341-40C8-AA1E-551B8672F11C}.Release|Any CPU.ActiveCfg = Release|Any CPU
		{128BAFC9-0341-40C8-AA1E-551B8672F11C}.Release|Any CPU.Build.0 = Release|Any CPU
	EndGlobalSection
	GlobalSection(SolutionProperties) = preSolution
		HideSolutionNode = FALSE
	EndGlobalSection
	GlobalSection(NestedProjects) = preSolution
		{B5C98CDC-3D8D-4BA4-9EF3-9774FCA159C2} = {01F7F9B8-C0C0-40DC-AF65-53446AD9462A}
		{F8FE7EB5-F903-4D57-AB23-E137106A02F2} = {01F7F9B8-C0C0-40DC-AF65-53446AD9462A}
		{7877FFDA-C570-4BB1-851A-AD9F473104A4} = {B5C98CDC-3D8D-4BA4-9EF3-9774FCA159C2}
		{FFCF1035-B94A-4D09-AD59-8E48FF274E59} = {B5C98CDC-3D8D-4BA4-9EF3-9774FCA159C2}
		{128BAFC9-0341-40C8-AA1E-551B8672F11C} = {F8FE7EB5-F903-4D57-AB23-E137106A02F2}
	EndGlobalSection
	GlobalSection(ExtensibilityGlobals) = postSolution
		SolutionGuid = {4B18CCCB-97AD-430A-8C41-C94E3AB03E49}
	EndGlobalSection
EndGlobal
